uuid: d77c4048-e95c-40a1-87ff-16b1e8dc273d
langcode: en
status: true
dependencies:
  config:
    - views.view.board_member
  module:
    - system
    - views
  theme:
    - uregni_theme
id: views_block__board_member_board_members_block
theme: uregni_theme
region: content
weight: -9
provider: null
plugin: 'views_block:board_member-board_members_block'
settings:
  id: 'views_block:board_member-board_members_block'
  label: ''
  provider: views
  label_display: visible
  views_label: ''
  items_per_page: none
visibility:
  request_path:
    id: request_path
    pages: /our-board
    negate: false
    context_mapping: {  }
