uuid: 2cb60f27-7a2f-409b-842e-82d32322005f
langcode: en
status: true
dependencies:
  content:
    - 'block_content:about_irc_block:d9ff9dd7-616f-4759-b541-c1fe28585240'
  module:
    - block_content
    - block_visibility_groups
    - system
  theme:
    - ircommission_theme
id: ircommission_theme_aboutircblock
theme: ircommission_theme
region: bottom_widget_1
weight: -11
provider: null
plugin: 'block_content:d9ff9dd7-616f-4759-b541-c1fe28585240'
settings:
  id: 'block_content:d9ff9dd7-616f-4759-b541-c1fe28585240'
  label: 'About the IRC'
  label_display: visible
  provider: block_content
  status: true
  info: ''
  view_mode: full
visibility:
  condition_group:
    id: condition_group
    negate: false
    block_visibility_group: ''
  request_path:
    id: request_path
    negate: true
    pages: "/about-irc\r\n/key-documents\r\n/publications\r\n/research\r\n/contact-us"
