uuid: 68146324-ce4d-4944-b50f-3777a01efa1c
langcode: en
status: true
dependencies:
  module:
    - system
    - unity_search_pages
  theme:
    - ppsni_theme
id: sitesearchblock
theme: ppsni_theme
region: search
weight: 0
provider: null
plugin: site_search_block
settings:
  id: site_search_block
  label: 'Site search block'
  label_display: '0'
  provider: unity_search_pages
visibility:
  request_path:
    id: request_path
    negate: true
    pages: '/search*'
