uuid: f1c32f98-99c0-4c5c-ab3b-ff61aba28ce6
langcode: en
status: true
dependencies:
  module:
    - system
    - unity_search_pages
  theme:
    - crc_theme
id: sitesearchblock
theme: crc_theme
region: search
weight: 0
provider: null
plugin: site_search_block
settings:
  id: site_search_block
  label: 'Site search block'
  label_display: '0'
  provider: unity_search_pages
visibility:
  request_path:
    id: request_path
    negate: true
    pages: '/search*'
