uuid: 5bd305d2-650b-4703-af61-da4c1f66a5b4
langcode: en
status: true
dependencies:
  content:
    - 'block_content:about_irc_block:d9ff9dd7-616f-4759-b541-c1fe28585240'
  module:
    - block_content
  theme:
    - stark
id: aboutircblock
theme: stark
region: sidebar_first
weight: 0
provider: null
plugin: 'block_content:d9ff9dd7-616f-4759-b541-c1fe28585240'
settings:
  id: 'block_content:d9ff9dd7-616f-4759-b541-c1fe28585240'
  label: 'About IRC block'
  label_display: visible
  provider: block_content
  status: true
  info: ''
  view_mode: full
visibility: {  }
