uuid: f5094e7f-0670-412d-9f35-f0f26bd0d1fa
langcode: en
status: true
dependencies:
  content:
    - 'block_content:basic_block:141fe351-5b7c-49cf-8c51-889b817c7d7c'
  module:
    - block_content
  theme:
    - pbni_theme
id: twitterblock
theme: pbni_theme
region: top_second
weight: 0
provider: null
plugin: 'block_content:141fe351-5b7c-49cf-8c51-889b817c7d7c'
settings:
  id: 'block_content:141fe351-5b7c-49cf-8c51-889b817c7d7c'
  label: 'Twitter block'
  label_display: visible
  provider: block_content
  status: true
  info: ''
  view_mode: full
visibility: {  }
