uuid: 50f66051-0432-4a36-8656-793211c0254c
langcode: en
status: true
dependencies:
  content:
    - 'block_content:basic:131f6977-0feb-41d5-8ab2-2b864c3d176c'
  module:
    - block_content
    - system
  theme:
    - victimspaymentsboard_theme
id: homepagetroublesinfoblock
theme: victimspaymentsboard_theme
region: front_welcome
weight: -6
provider: null
plugin: 'block_content:131f6977-0feb-41d5-8ab2-2b864c3d176c'
settings:
  id: 'block_content:131f6977-0feb-41d5-8ab2-2b864c3d176c'
  label: 'Homepage Troubles info block'
  label_display: '0'
  provider: block_content
  status: true
  info: ''
  view_mode: full
visibility:
  request_path:
    id: request_path
    negate: false
    pages: /home
