uuid: 4b251fd1-14ab-4270-b932-b1dabceb94b3
langcode: en
status: true
dependencies:
  content:
    - 'block_content:basic_block:1ec0f22f-4fe1-4d77-8f2e-629fb486eaab'
  module:
    - block_content
  theme:
    - pacni_theme
id: recentdecisionsblock
theme: pacni_theme
region: bottom_widget_1
weight: -8
provider: null
plugin: 'block_content:1ec0f22f-4fe1-4d77-8f2e-629fb486eaab'
settings:
  id: 'block_content:1ec0f22f-4fe1-4d77-8f2e-629fb486eaab'
  label: 'Recent decisions'
  label_display: visible
  provider: block_content
  status: true
  info: ''
  view_mode: full
visibility: {  }
