uuid: 84891bea-1dd5-4a6f-90e1-e235b0f4403b
langcode: en
status: true
dependencies:
  content:
    - 'block_content:basic_block:2d50cbe1-72c4-48cb-b733-680579b6064e'
  module:
    - block_content
  theme:
    - pacni_theme
id: hearingsandsitevisitsblock
theme: pacni_theme
region: bottom_widget_3
weight: -5
provider: null
plugin: 'block_content:2d50cbe1-72c4-48cb-b733-680579b6064e'
settings:
  id: 'block_content:2d50cbe1-72c4-48cb-b733-680579b6064e'
  label: 'Hearings and site visits'
  label_display: visible
  provider: block_content
  status: true
  info: ''
  view_mode: full
visibility: {  }
