uuid: d8cd37f0-4aa6-420a-b1ec-47aaff03fed9
langcode: en
status: true
dependencies:
  content:
    - 'block_content:basic_block:4b0e9452-0452-4a33-9aa4-719db3287348'
  module:
    - block_content
    - system
  theme:
    - pacni_theme
id: makeanappealblock
theme: pacni_theme
region: slideshow
weight: -8
provider: null
plugin: 'block_content:4b0e9452-0452-4a33-9aa4-719db3287348'
settings:
  id: 'block_content:4b0e9452-0452-4a33-9aa4-719db3287348'
  label: 'Make an appeal'
  label_display: '0'
  provider: block_content
  status: true
  info: ''
  view_mode: full
visibility:
  request_path:
    id: request_path
    negate: false
    pages: '<front>'
