uuid: d68dd7c0-2010-413c-abd4-6c4b84c9b8a2
langcode: en
status: true
dependencies:
  content:
    - 'block_content:basic_block:bfbf8202-8956-4472-a742-f896bb74746e'
  module:
    - block_content
  theme:
    - pacni_theme
id: contactusblock
theme: pacni_theme
region: bottom_widget_4
weight: -7
provider: null
plugin: 'block_content:bfbf8202-8956-4472-a742-f896bb74746e'
settings:
  id: 'block_content:bfbf8202-8956-4472-a742-f896bb74746e'
  label: 'Contact us'
  label_display: visible
  provider: block_content
  status: true
  info: ''
  view_mode: full
visibility: {  }
