uuid: d6b25246-ea87-477d-b454-9b96aa8abc3d
langcode: en
status: true
dependencies:
  content:
    - 'block_content:basic_block:ccbe8521-e2a7-44d0-b653-5510d99e2ba9'
  module:
    - block_content
  theme:
    - pacni_theme
id: newappealsblock
theme: pacni_theme
region: bottom_widget_2
weight: 0
provider: null
plugin: 'block_content:ccbe8521-e2a7-44d0-b653-5510d99e2ba9'
settings:
  id: 'block_content:ccbe8521-e2a7-44d0-b653-5510d99e2ba9'
  label: 'New appeals block'
  label_display: '0'
  provider: block_content
  status: true
  info: ''
  view_mode: full
visibility: {  }
