uuid: ded7ad3b-3a94-4a12-be19-4391299cb432
langcode: en
status: true
dependencies:
  module:
    - system
    - unity_search_pages
  theme:
    - cvocni_theme
id: sitesearchblock
theme: cvocni_theme
region: search
weight: 0
provider: null
plugin: site_search_block
settings:
  id: site_search_block
  label: 'Site search block'
  label_display: '0'
  provider: unity_search_pages
visibility:
  request_path:
    id: request_path
    negate: true
    pages: '/search*'
