uuid: d9038d6b-4db7-44d6-b448-1df5ad2f1d9e
langcode: en
status: true
dependencies:
  content:
    - 'block_content:basic_block:cb5ff9c6-c76b-4650-ab70-32823dc3069f'
  module:
    - block_content
  theme:
    - cvocni_theme
id: twitterblock
theme: cvocni_theme
region: bottom_widget_3
weight: -8
provider: null
plugin: 'block_content:cb5ff9c6-c76b-4650-ab70-32823dc3069f'
settings:
  id: 'block_content:cb5ff9c6-c76b-4650-ab70-32823dc3069f'
  label: Twitter
  label_display: visible
  provider: block_content
  status: true
  info: ''
  view_mode: full
visibility: {  }
