uuid: 3eb458a6-1f86-41e2-8107-90fae5210a5f
langcode: en
status: true
dependencies:
  config:
    - views.view.board_members
  module:
    - system
    - views
  theme:
    - crc_theme
id: views_block__board_members_board_members_block
theme: crc_theme
region: content
weight: -4
provider: null
plugin: 'views_block:board_members-board_members_block'
settings:
  id: 'views_block:board_members-board_members_block'
  label: ''
  label_display: '0'
  provider: views
  views_label: ''
  items_per_page: none
visibility:
  request_path:
    id: request_path
    negate: false
    pages: /board-members
