uuid: 86936fab-1f8b-4775-95a4-ece5a8af7c46
langcode: en
status: true
dependencies:
  config:
    - views.view.board_members
  module:
    - system
    - views
  theme:
    - communityrelations_theme
id: views_block__board_members_board_members_block
theme: communityrelations_theme
region: content
weight: -4
provider: null
plugin: 'views_block:board_members-board_members_block'
settings:
  id: 'views_block:board_members-board_members_block'
  label: ''
  label_display: '0'
  provider: views
  views_label: ''
  items_per_page: none
visibility:
  request_path:
    id: request_path
    negate: false
    pages: /board-members
