uuid: 407d9b52-2ce6-4084-be5b-8a94a294496f
langcode: en
status: true
dependencies:
  config:
    - views.view.senior_management
  module:
    - system
    - views
  theme:
    - pbni_theme
id: views_block__senior_management_senior_management_block
theme: pbni_theme
region: content
weight: 0
provider: null
plugin: 'views_block:senior_management-senior_management_block'
settings:
  id: 'views_block:senior_management-senior_management_block'
  label: ''
  label_display: '0'
  provider: views
  views_label: ''
  items_per_page: none
visibility:
  request_path:
    id: request_path
    negate: false
    pages: /senior-management
