uuid: 21ba7083-7b2b-485b-9169-4fb7ebad551f
langcode: en
status: true
dependencies:
  module:
    - system
    - unity_search_pages
  theme:
    - sentencereview_theme
id: sitesearchblock
theme: sentencereview_theme
region: search
weight: 0
provider: null
plugin: site_search_block
settings:
  id: site_search_block
  label: 'Site search block'
  label_display: '0'
  provider: unity_search_pages
visibility:
  request_path:
    id: request_path
    negate: true
    pages: /search
