uuid: 489a26e0-adf7-491c-a109-090d0fc0094c
langcode: en
status: true
dependencies:
  content:
    - 'block_content:basic_block:747204d8-0bf8-4146-8cc3-035dd9b92f69'
  module:
    - block_content
  theme:
    - mentalhealthchampionni_theme
id: twitterblock
theme: mentalhealthchampionni_theme
region: top_second
weight: -7
provider: null
plugin: 'block_content:747204d8-0bf8-4146-8cc3-035dd9b92f69'
settings:
  id: 'block_content:747204d8-0bf8-4146-8cc3-035dd9b92f69'
  label: Twitter
  label_display: visible
  provider: block_content
  status: true
  info: ''
  view_mode: full
visibility: {  }
