uuid: 1034d073-aef8-4e50-a64e-43e1f2e22f29
langcode: en
status: true
dependencies:
  module:
    - system
    - unity_search_pages
  theme:
    - imtac_theme
id: sitesearchblock
theme: imtac_theme
region: search
weight: 0
provider: null
plugin: site_search_block
settings:
  id: site_search_block
  label: 'Site search block'
  label_display: '0'
  provider: unity_search_pages
visibility:
  request_path:
    id: request_path
    negate: true
    pages: '/search*'
