uuid: f1f8ec1c-e67f-4479-881d-5997abf0a9e9
langcode: en
status: true
dependencies:
  content:
    - 'block_content:basic_block:4ab92eee-abf8-4f2a-a9cd-de61a3235ada'
  module:
    - block_content
  theme:
    - imtac_theme
id: creditsblock
theme: imtac_theme
region: footer
weight: -7
provider: null
plugin: 'block_content:4ab92eee-abf8-4f2a-a9cd-de61a3235ada'
settings:
  id: 'block_content:4ab92eee-abf8-4f2a-a9cd-de61a3235ada'
  label: 'Credits block'
  label_display: '0'
  provider: block_content
  status: true
  info: ''
  view_mode: full
visibility: {  }
