uuid: ecd24506-238d-4031-bf8d-af2e85224bbf
langcode: en
status: true
dependencies:
  theme:
    - imtac_theme
id: twitterblock
theme: imtac_theme
region: bottom_widget_3
weight: 0
provider: null
plugin: 'block_content:0b1b1693-c454-4ac7-9ba9-de27a7604de7'
settings:
  id: 'block_content:0b1b1693-c454-4ac7-9ba9-de27a7604de7'
  label: 'Twitter block'
  label_display: '0'
  provider: block_content
  status: true
  info: ''
  view_mode: full
visibility: {  }
